# This file is automatically @generated by Cargo.
# It is not intended for manual editing.
version = 3

[[package]]
name = "either"
version = "1.10.0"
source = "registry+https://github.com/rust-lang/crates.io-index"
checksum = "11157ac094ffbdde99aa67b23417ebdd801842852b500e395a45a9c0aac03e4a"

[[package]]
name = "employee_management"
version = "0.1.0"
dependencies = [
 "itertools",
 "words-count",
]

[[package]]
name = "itertools"
version = "0.8.2"
source = "registry+https://github.com/rust-lang/crates.io-index"
checksum = "f56a2d0bc861f9165be4eb3442afd3c236d8a98afd426f65d92324ae1091a484"
dependencies = [
 "either",
]

[[package]]
name = "unicode-blocks"
version = "0.1.9"
source = "registry+https://github.com/rust-lang/crates.io-index"
checksum = "6b12e05d9e06373163a9bb6bb8c263c261b396643a99445fe6b9811fd376581b"

[[package]]
name = "words-count"
version = "0.1.6"
source = "registry+https://github.com/rust-lang/crates.io-index"
checksum = "d28653ddaede5475c44a03e4014ae19f35aa9b231c423228b28963cb873e4869"
dependencies = [
 "unicode-blocks",
]
